
Microsoft Visual Studio Solution File, Format Version 12.00
# Visual Studio Version 17
VisualStudioVersion = 17.1.32210.238
MinimumVisualStudioVersion = 10.0.40219.1
Project("{FAE04EC0-301F-11D3-BF4B-00C04F79EFBC}") = "ProjetoFinal1.1", "ProjetoFinal1.1\ProjetoFinal1.1.csproj", "{140DFB05-50D2-4A0E-8969-8F2C8A8EED4F}"
EndProject
Global
	GlobalSection(SolutionConfigurationPlatforms) = preSolution
		Debug|Any CPU = Debug|Any CPU
		Release|Any CPU = Release|Any CPU
	EndGlobalSection
	GlobalSection(ProjectConfigurationPlatforms) = postSolution
		{140DFB05-50D2-4A0E-8969-8F2C8A8EED4F}.Debug|Any CPU.ActiveCfg = Debug|Any CPU
		{140DFB05-50D2-4A0E-8969-8F2C8A8EED4F}.Debug|Any CPU.Build.0 = Debug|Any CPU
		{140DFB05-50D2-4A0E-8969-8F2C8A8EED4F}.Release|Any CPU.ActiveCfg = Release|Any CPU
		{140DFB05-50D2-4A0E-8969-8F2C8A8EED4F}.Release|Any CPU.Build.0 = Release|Any CPU
	EndGlobalSection
	GlobalSection(SolutionProperties) = preSolution
		HideSolutionNode = FALSE
	EndGlobalSection
	GlobalSection(ExtensibilityGlobals) = postSolution
		SolutionGuid = {B731CBAE-FDB3-4D2D-8D52-8B1B5B3E5198}
	EndGlobalSection
EndGlobal
